
Microsoft Visual Studio Solution File, Format Version 12.00
# Visual Studio Version 17
VisualStudioVersion = 17.7.34003.232
MinimumVisualStudioVersion = 10.0.40219.1
Project("{FAE04EC0-301F-11D3-BF4B-00C04F79EFBC}") = "dockerNet", "dockerNet\dockerNet.csproj", "{7ACDE667-C865-440E-9051-391242B3BD5A}"
EndProject
Global
	GlobalSection(SolutionConfigurationPlatforms) = preSolution
		Debug|Any CPU = Debug|Any CPU
		Release|Any CPU = Release|Any CPU
	EndGlobalSection
	GlobalSection(ProjectConfigurationPlatforms) = postSolution
		{7ACDE667-C865-440E-9051-391242B3BD5A}.Debug|Any CPU.ActiveCfg = Debug|Any CPU
		{7ACDE667-C865-440E-9051-391242B3BD5A}.Debug|Any CPU.Build.0 = Debug|Any CPU
		{7ACDE667-C865-440E-9051-391242B3BD5A}.Release|Any CPU.ActiveCfg = Release|Any CPU
		{7ACDE667-C865-440E-9051-391242B3BD5A}.Release|Any CPU.Build.0 = Release|Any CPU
	EndGlobalSection
	GlobalSection(SolutionProperties) = preSolution
		HideSolutionNode = FALSE
	EndGlobalSection
	GlobalSection(ExtensibilityGlobals) = postSolution
		SolutionGuid = {E82047A5-B19F-4C7A-A82A-C17C7F533421}
	EndGlobalSection
EndGlobal
